// !$*UTF8*$!
{
	archiveVersion = 1;
	classes = {
	};
	objectVersion = 51;
	objects = {

/* Begin PBXBuildFile section */
		7DF9CE390D520F3B6709718B /* Pods_OppHack19T2.framework in Frameworks */ = {isa = PBXBuildFile; fileRef = 84B7CBD23BF2C32635EE3418 /* Pods_OppHack19T2.framework */; };
		DA1E9F3A236EBF1900C77759 /* multipleChoiceCellCollectionViewCell.swift in Sources */ = {isa = PBXBuildFile; fileRef = DA1E9F39236EBF1900C77759 /* multipleChoiceCellCollectionViewCell.swift */; };
		DA1E9F3C236EC00C00C77759 /* multipleChoiceCollectionView.swift in Sources */ = {isa = PBXBuildFile; fileRef = DA1E9F3B236EC00C00C77759 /* multipleChoiceCollectionView.swift */; };
		DA2E1499236E3EA300C4F0DC /* ErrorPresenter.swift in Sources */ = {isa = PBXBuildFile; fileRef = DA2E1498236E3EA300C4F0DC /* ErrorPresenter.swift */; };
		DA3E3EDD236E3A26000DCE65 /* GoogleService-Info.plist in Resources */ = {isa = PBXBuildFile; fileRef = DA3E3EDC236E3A26000DCE65 /* GoogleService-Info.plist */; };
		DA5F71F8236E2C41000E30B9 /* AppDelegate.swift in Sources */ = {isa = PBXBuildFile; fileRef = DA5F71F7236E2C41000E30B9 /* AppDelegate.swift */; };
		DA5F71FC236E2C41000E30B9 /* ViewController.swift in Sources */ = {isa = PBXBuildFile; fileRef = DA5F71FB236E2C41000E30B9 /* ViewController.swift */; };
		DA5F71FF236E2C41000E30B9 /* Main.storyboard in Resources */ = {isa = PBXBuildFile; fileRef = DA5F71FD236E2C41000E30B9 /* Main.storyboard */; };
		DA5F7201236E2C47000E30B9 /* Assets.xcassets in Resources */ = {isa = PBXBuildFile; fileRef = DA5F7200236E2C47000E30B9 /* Assets.xcassets */; };
		DA5F7204236E2C47000E30B9 /* LaunchScreen.storyboard in Resources */ = {isa = PBXBuildFile; fileRef = DA5F7202236E2C47000E30B9 /* LaunchScreen.storyboard */; };
		DA5F720F236E2E86000E30B9 /* LoginViewController.swift in Sources */ = {isa = PBXBuildFile; fileRef = DA5F720E236E2E86000E30B9 /* LoginViewController.swift */; };
		DA5F7211236E2E92000E30B9 /* RegisterViewController.swift in Sources */ = {isa = PBXBuildFile; fileRef = DA5F7210236E2E92000E30B9 /* RegisterViewController.swift */; };
		DA5F7213236E3025000E30B9 /* Questions.storyboard in Resources */ = {isa = PBXBuildFile; fileRef = DA5F7212236E3025000E30B9 /* Questions.storyboard */; };
		DA5F7215236E302D000E30B9 /* Mentee.storyboard in Resources */ = {isa = PBXBuildFile; fileRef = DA5F7214236E302D000E30B9 /* Mentee.storyboard */; };
		DA77C182236EC38000460E6A /* MultipleChoiceTableView.swift in Sources */ = {isa = PBXBuildFile; fileRef = DA77C181236EC38000460E6A /* MultipleChoiceTableView.swift */; };
		DA77C184236EC3F800460E6A /* FreeResponseTableView.swift in Sources */ = {isa = PBXBuildFile; fileRef = DA77C183236EC3F800460E6A /* FreeResponseTableView.swift */; };
		DA77C186236EC44400460E6A /* PickerViewTableView.swift in Sources */ = {isa = PBXBuildFile; fileRef = DA77C185236EC44400460E6A /* PickerViewTableView.swift */; };
		DA77C188236EC4A900460E6A /* FreeResponseTableViewCell.swift in Sources */ = {isa = PBXBuildFile; fileRef = DA77C187236EC4A900460E6A /* FreeResponseTableViewCell.swift */; };
		DA91FA6C236E782A00C3D9E3 /* SurveyViewController.swift in Sources */ = {isa = PBXBuildFile; fileRef = DA91FA6B236E782A00C3D9E3 /* SurveyViewController.swift */; };
		DAAA5064236E37D900014BC3 /* SceneDelegate.swift in Sources */ = {isa = PBXBuildFile; fileRef = DAAA5063236E37D900014BC3 /* SceneDelegate.swift */; };
		DAC2BFC9236EA39F0004E7B8 /* pickerView.xib in Resources */ = {isa = PBXBuildFile; fileRef = DAC2BFC8236EA39F0004E7B8 /* pickerView.xib */; };
		DAC2BFCB236EA3B30004E7B8 /* textField.xib in Resources */ = {isa = PBXBuildFile; fileRef = DAC2BFCA236EA3B30004E7B8 /* textField.xib */; };
		DAC2BFCD236EA3BC0004E7B8 /* multipleChoice.xib in Resources */ = {isa = PBXBuildFile; fileRef = DAC2BFCC236EA3BC0004E7B8 /* multipleChoice.xib */; };
		DAC2BFD3236EB2150004E7B8 /* pickerViewController.swift in Sources */ = {isa = PBXBuildFile; fileRef = DAC2BFD2236EB2150004E7B8 /* pickerViewController.swift */; };
		DAC2BFD5236EB22A0004E7B8 /* multipleChoiceViewController.swift in Sources */ = {isa = PBXBuildFile; fileRef = DAC2BFD4236EB22A0004E7B8 /* multipleChoiceViewController.swift */; };
		DAC2BFD9236EB3240004E7B8 /* PageViewController.swift in Sources */ = {isa = PBXBuildFile; fileRef = DAC2BFD8236EB3240004E7B8 /* PageViewController.swift */; };
		DAC2BFDD236EB55C0004E7B8 /* FreeResponseViewController.swift in Sources */ = {isa = PBXBuildFile; fileRef = DAC2BFDC236EB55C0004E7B8 /* FreeResponseViewController.swift */; };
		DAD2B2CB236EC6400046756B /* PickerViewTableViewCell.swift in Sources */ = {isa = PBXBuildFile; fileRef = DAD2B2CA236EC6400046756B /* PickerViewTableViewCell.swift */; };
		DAD2B2CD236ECF3B0046756B /* TabBarViewController.swift in Sources */ = {isa = PBXBuildFile; fileRef = DAD2B2CC236ECF3B0046756B /* TabBarViewController.swift */; };
		DAD2B2CF236ED91A0046756B /* multipleChoiceTableViewCell.swift in Sources */ = {isa = PBXBuildFile; fileRef = DAD2B2CE236ED91A0046756B /* multipleChoiceTableViewCell.swift */; };
/* End PBXBuildFile section */

/* Begin PBXFileReference section */
		01C420C9687FAD2AD612606F /* Pods-OppHack19T2.debug.xcconfig */ = {isa = PBXFileReference; includeInIndex = 1; lastKnownFileType = text.xcconfig; name = "Pods-OppHack19T2.debug.xcconfig"; path = "Target Support Files/Pods-OppHack19T2/Pods-OppHack19T2.debug.xcconfig"; sourceTree = "<group>"; };
		84B7CBD23BF2C32635EE3418 /* Pods_OppHack19T2.framework */ = {isa = PBXFileReference; explicitFileType = wrapper.framework; includeInIndex = 0; path = Pods_OppHack19T2.framework; sourceTree = BUILT_PRODUCTS_DIR; };
		AE0261C2F5F4C1531FE69103 /* Pods-OppHack19T2.release.xcconfig */ = {isa = PBXFileReference; includeInIndex = 1; lastKnownFileType = text.xcconfig; name = "Pods-OppHack19T2.release.xcconfig"; path = "Target Support Files/Pods-OppHack19T2/Pods-OppHack19T2.release.xcconfig"; sourceTree = "<group>"; };
		DA1E9F39236EBF1900C77759 /* multipleChoiceCellCollectionViewCell.swift */ = {isa = PBXFileReference; lastKnownFileType = sourcecode.swift; path = multipleChoiceCellCollectionViewCell.swift; sourceTree = "<group>"; };
		DA1E9F3B236EC00C00C77759 /* multipleChoiceCollectionView.swift */ = {isa = PBXFileReference; lastKnownFileType = sourcecode.swift; path = multipleChoiceCollectionView.swift; sourceTree = "<group>"; };
		DA2E1498236E3EA300C4F0DC /* ErrorPresenter.swift */ = {isa = PBXFileReference; lastKnownFileType = sourcecode.swift; path = ErrorPresenter.swift; sourceTree = "<group>"; };
		DA3E3EDC236E3A26000DCE65 /* GoogleService-Info.plist */ = {isa = PBXFileReference; fileEncoding = 4; lastKnownFileType = text.plist.xml; path = "GoogleService-Info.plist"; sourceTree = "<group>"; };
		DA5F71F4236E2C41000E30B9 /* yuConnect.app */ = {isa = PBXFileReference; explicitFileType = wrapper.application; includeInIndex = 0; path = yuConnect.app; sourceTree = BUILT_PRODUCTS_DIR; };
		DA5F71F7236E2C41000E30B9 /* AppDelegate.swift */ = {isa = PBXFileReference; lastKnownFileType = sourcecode.swift; path = AppDelegate.swift; sourceTree = "<group>"; };
		DA5F71FB236E2C41000E30B9 /* ViewController.swift */ = {isa = PBXFileReference; lastKnownFileType = sourcecode.swift; path = ViewController.swift; sourceTree = "<group>"; };
		DA5F71FE236E2C41000E30B9 /* Base */ = {isa = PBXFileReference; lastKnownFileType = file.storyboard; name = Base; path = Base.lproj/Main.storyboard; sourceTree = "<group>"; };
		DA5F7200236E2C47000E30B9 /* Assets.xcassets */ = {isa = PBXFileReference; lastKnownFileType = folder.assetcatalog; path = Assets.xcassets; sourceTree = "<group>"; };
		DA5F7203236E2C47000E30B9 /* Base */ = {isa = PBXFileReference; lastKnownFileType = file.storyboard; name = Base; path = Base.lproj/LaunchScreen.storyboard; sourceTree = "<group>"; };
		DA5F7205236E2C47000E30B9 /* Info.plist */ = {isa = PBXFileReference; lastKnownFileType = text.plist.xml; path = Info.plist; sourceTree = "<group>"; };
		DA5F720E236E2E86000E30B9 /* LoginViewController.swift */ = {isa = PBXFileReference; lastKnownFileType = sourcecode.swift; path = LoginViewController.swift; sourceTree = "<group>"; };
		DA5F7210236E2E92000E30B9 /* RegisterViewController.swift */ = {isa = PBXFileReference; lastKnownFileType = sourcecode.swift; path = RegisterViewController.swift; sourceTree = "<group>"; };
		DA5F7212236E3025000E30B9 /* Questions.storyboard */ = {isa = PBXFileReference; lastKnownFileType = file.storyboard; path = Questions.storyboard; sourceTree = "<group>"; };
		DA5F7214236E302D000E30B9 /* Mentee.storyboard */ = {isa = PBXFileReference; lastKnownFileType = file.storyboard; path = Mentee.storyboard; sourceTree = "<group>"; };
		DA77C181236EC38000460E6A /* MultipleChoiceTableView.swift */ = {isa = PBXFileReference; lastKnownFileType = sourcecode.swift; path = MultipleChoiceTableView.swift; sourceTree = "<group>"; };
		DA77C183236EC3F800460E6A /* FreeResponseTableView.swift */ = {isa = PBXFileReference; lastKnownFileType = sourcecode.swift; path = FreeResponseTableView.swift; sourceTree = "<group>"; };
		DA77C185236EC44400460E6A /* PickerViewTableView.swift */ = {isa = PBXFileReference; lastKnownFileType = sourcecode.swift; path = PickerViewTableView.swift; sourceTree = "<group>"; };
		DA77C187236EC4A900460E6A /* FreeResponseTableViewCell.swift */ = {isa = PBXFileReference; lastKnownFileType = sourcecode.swift; path = FreeResponseTableViewCell.swift; sourceTree = "<group>"; };
		DA91FA6B236E782A00C3D9E3 /* SurveyViewController.swift */ = {isa = PBXFileReference; lastKnownFileType = sourcecode.swift; path = SurveyViewController.swift; sourceTree = "<group>"; };
		DAAA5063236E37D900014BC3 /* SceneDelegate.swift */ = {isa = PBXFileReference; lastKnownFileType = sourcecode.swift; path = SceneDelegate.swift; sourceTree = "<group>"; };
		DAC2BFC8236EA39F0004E7B8 /* pickerView.xib */ = {isa = PBXFileReference; lastKnownFileType = file.xib; path = pickerView.xib; sourceTree = "<group>"; };
		DAC2BFCA236EA3B30004E7B8 /* textField.xib */ = {isa = PBXFileReference; lastKnownFileType = file.xib; path = textField.xib; sourceTree = "<group>"; };
		DAC2BFCC236EA3BC0004E7B8 /* multipleChoice.xib */ = {isa = PBXFileReference; lastKnownFileType = file.xib; path = multipleChoice.xib; sourceTree = "<group>"; };
		DAC2BFD2236EB2150004E7B8 /* pickerViewController.swift */ = {isa = PBXFileReference; lastKnownFileType = sourcecode.swift; path = pickerViewController.swift; sourceTree = "<group>"; };
		DAC2BFD4236EB22A0004E7B8 /* multipleChoiceViewController.swift */ = {isa = PBXFileReference; lastKnownFileType = sourcecode.swift; path = multipleChoiceViewController.swift; sourceTree = "<group>"; };
		DAC2BFD8236EB3240004E7B8 /* PageViewController.swift */ = {isa = PBXFileReference; lastKnownFileType = sourcecode.swift; path = PageViewController.swift; sourceTree = "<group>"; };
		DAC2BFDC236EB55C0004E7B8 /* FreeResponseViewController.swift */ = {isa = PBXFileReference; lastKnownFileType = sourcecode.swift; path = FreeResponseViewController.swift; sourceTree = "<group>"; };
		DAD2B2CA236EC6400046756B /* PickerViewTableViewCell.swift */ = {isa = PBXFileReference; lastKnownFileType = sourcecode.swift; path = PickerViewTableViewCell.swift; sourceTree = "<group>"; };
		DAD2B2CC236ECF3B0046756B /* TabBarViewController.swift */ = {isa = PBXFileReference; lastKnownFileType = sourcecode.swift; path = TabBarViewController.swift; sourceTree = "<group>"; };
		DAD2B2CE236ED91A0046756B /* multipleChoiceTableViewCell.swift */ = {isa = PBXFileReference; lastKnownFileType = sourcecode.swift; path = multipleChoiceTableViewCell.swift; sourceTree = "<group>"; };
/* End PBXFileReference section */

/* Begin PBXFrameworksBuildPhase section */
		DA5F71F1236E2C41000E30B9 /* Frameworks */ = {
			isa = PBXFrameworksBuildPhase;
			buildActionMask = 2147483647;
			files = (
				7DF9CE390D520F3B6709718B /* Pods_OppHack19T2.framework in Frameworks */,
			);
			runOnlyForDeploymentPostprocessing = 0;
		};
/* End PBXFrameworksBuildPhase section */

/* Begin PBXGroup section */
		555642980D6510CB86BD40D7 /* Frameworks */ = {
			isa = PBXGroup;
			children = (
				84B7CBD23BF2C32635EE3418 /* Pods_OppHack19T2.framework */,
			);
			name = Frameworks;
			sourceTree = "<group>";
		};
		86BAC6B4DD3E1CA370C07278 /* Pods */ = {
			isa = PBXGroup;
			children = (
				01C420C9687FAD2AD612606F /* Pods-OppHack19T2.debug.xcconfig */,
				AE0261C2F5F4C1531FE69103 /* Pods-OppHack19T2.release.xcconfig */,
			);
			path = Pods;
			sourceTree = "<group>";
		};
		DA2E1497236E3E9300C4F0DC /* AlertPresenter */ = {
			isa = PBXGroup;
			children = (
				DA2E1498236E3EA300C4F0DC /* ErrorPresenter.swift */,
			);
			path = AlertPresenter;
			sourceTree = "<group>";
		};
		DA5F71EB236E2C41000E30B9 = {
			isa = PBXGroup;
			children = (
				DA5F71F6236E2C41000E30B9 /* OppHack19T2 */,
				DA5F71F5236E2C41000E30B9 /* Products */,
				86BAC6B4DD3E1CA370C07278 /* Pods */,
				555642980D6510CB86BD40D7 /* Frameworks */,
			);
			sourceTree = "<group>";
		};
		DA5F71F5236E2C41000E30B9 /* Products */ = {
			isa = PBXGroup;
			children = (
				DA5F71F4236E2C41000E30B9 /* yuConnect.app */,
			);
			name = Products;
			sourceTree = "<group>";
		};
		DA5F71F6236E2C41000E30B9 /* OppHack19T2 */ = {
			isa = PBXGroup;
			children = (
				DA2E1497236E3E9300C4F0DC /* AlertPresenter */,
				DA5F720D236E2DE5000E30B9 /* Controller */,
				DA5F720C236E2DE1000E30B9 /* View */,
				DA5F720B236E2DDD000E30B9 /* Model */,
				DA5F71F7236E2C41000E30B9 /* AppDelegate.swift */,
				DA5F7200236E2C47000E30B9 /* Assets.xcassets */,
				DA5F7202236E2C47000E30B9 /* LaunchScreen.storyboard */,
				DA3E3EDC236E3A26000DCE65 /* GoogleService-Info.plist */,
				DA5F7205236E2C47000E30B9 /* Info.plist */,
				DAAA5063236E37D900014BC3 /* SceneDelegate.swift */,
			);
			path = OppHack19T2;
			sourceTree = "<group>";
		};
		DA5F720B236E2DDD000E30B9 /* Model */ = {
			isa = PBXGroup;
			children = (
			);
			path = Model;
			sourceTree = "<group>";
		};
		DA5F720C236E2DE1000E30B9 /* View */ = {
			isa = PBXGroup;
			children = (
				DA5F71FD236E2C41000E30B9 /* Main.storyboard */,
				DA5F7212236E3025000E30B9 /* Questions.storyboard */,
				DA5F7214236E302D000E30B9 /* Mentee.storyboard */,
				DAC2BFC8236EA39F0004E7B8 /* pickerView.xib */,
				DAC2BFCA236EA3B30004E7B8 /* textField.xib */,
				DAC2BFCC236EA3BC0004E7B8 /* multipleChoice.xib */,
			);
			path = View;
			sourceTree = "<group>";
		};
		DA5F720D236E2DE5000E30B9 /* Controller */ = {
			isa = PBXGroup;
			children = (
				DAD2B2D2236EDA850046756B /* Free Response */,
				DAD2B2D1236EDA720046756B /* Multiple Choice */,
				DAD2B2D0236EDA620046756B /* Picker */,
				DA5F71FB236E2C41000E30B9 /* ViewController.swift */,
				DA5F720E236E2E86000E30B9 /* LoginViewController.swift */,
				DA5F7210236E2E92000E30B9 /* RegisterViewController.swift */,
				DA91FA6B236E782A00C3D9E3 /* SurveyViewController.swift */,
				DAC2BFD8236EB3240004E7B8 /* PageViewController.swift */,
				DAD2B2CC236ECF3B0046756B /* TabBarViewController.swift */,
			);
			path = Controller;
			sourceTree = "<group>";
		};
		DAD2B2D0236EDA620046756B /* Picker */ = {
			isa = PBXGroup;
			children = (
				DAC2BFD2236EB2150004E7B8 /* pickerViewController.swift */,
				DA77C185236EC44400460E6A /* PickerViewTableView.swift */,
				DAD2B2CA236EC6400046756B /* PickerViewTableViewCell.swift */,
			);
			path = Picker;
			sourceTree = "<group>";
		};
		DAD2B2D1236EDA720046756B /* Multiple Choice */ = {
			isa = PBXGroup;
			children = (
				DAC2BFD4236EB22A0004E7B8 /* multipleChoiceViewController.swift */,
				DA77C181236EC38000460E6A /* MultipleChoiceTableView.swift */,
				DA1E9F39236EBF1900C77759 /* multipleChoiceCellCollectionViewCell.swift */,
				DA1E9F3B236EC00C00C77759 /* multipleChoiceCollectionView.swift */,
				DAD2B2CE236ED91A0046756B /* multipleChoiceTableViewCell.swift */,
			);
			path = "Multiple Choice";
			sourceTree = "<group>";
		};
		DAD2B2D2236EDA850046756B /* Free Response */ = {
			isa = PBXGroup;
			children = (
				DAC2BFDC236EB55C0004E7B8 /* FreeResponseViewController.swift */,
				DA77C183236EC3F800460E6A /* FreeResponseTableView.swift */,
				DA77C187236EC4A900460E6A /* FreeResponseTableViewCell.swift */,
			);
			path = "Free Response";
			sourceTree = "<group>";
		};
/* End PBXGroup section */

/* Begin PBXNativeTarget section */
		DA5F71F3236E2C41000E30B9 /* OppHack19T2 */ = {
			isa = PBXNativeTarget;
			buildConfigurationList = DA5F7208236E2C47000E30B9 /* Build configuration list for PBXNativeTarget "OppHack19T2" */;
			buildPhases = (
				2E670ECCAE91F5F5A27CB09E /* [CP] Check Pods Manifest.lock */,
				DA5F71F0236E2C41000E30B9 /* Sources */,
				DA5F71F1236E2C41000E30B9 /* Frameworks */,
				DA5F71F2236E2C41000E30B9 /* Resources */,
				E54605583AE05479AA9FE7AA /* [CP] Embed Pods Frameworks */,
				8EF3198599ACC23A31A40557 /* [CP] Copy Pods Resources */,
			);
			buildRules = (
			);
			dependencies = (
			);
			name = OppHack19T2;
			productName = OppHack19T2;
			productReference = DA5F71F4236E2C41000E30B9 /* yuConnect.app */;
			productType = "com.apple.product-type.application";
		};
/* End PBXNativeTarget section */

/* Begin PBXProject section */
		DA5F71EC236E2C41000E30B9 /* Project object */ = {
			isa = PBXProject;
			attributes = {
				LastSwiftUpdateCheck = 1110;
				LastUpgradeCheck = 1110;
				ORGANIZATIONNAME = "Pierce Tu";
				TargetAttributes = {
					DA5F71F3236E2C41000E30B9 = {
						CreatedOnToolsVersion = 11.1;
					};
				};
			};
			buildConfigurationList = DA5F71EF236E2C41000E30B9 /* Build configuration list for PBXProject "OppHack19T2" */;
			compatibilityVersion = "Xcode 9.3";
			developmentRegion = en;
			hasScannedForEncodings = 0;
			knownRegions = (
				en,
				Base,
			);
			mainGroup = DA5F71EB236E2C41000E30B9;
			productRefGroup = DA5F71F5236E2C41000E30B9 /* Products */;
			projectDirPath = "";
			projectRoot = "";
			targets = (
				DA5F71F3236E2C41000E30B9 /* OppHack19T2 */,
			);
		};
/* End PBXProject section */

/* Begin PBXResourcesBuildPhase section */
		DA5F71F2236E2C41000E30B9 /* Resources */ = {
			isa = PBXResourcesBuildPhase;
			buildActionMask = 2147483647;
			files = (
				DAC2BFCD236EA3BC0004E7B8 /* multipleChoice.xib in Resources */,
				DA5F7204236E2C47000E30B9 /* LaunchScreen.storyboard in Resources */,
				DA5F7213236E3025000E30B9 /* Questions.storyboard in Resources */,
				DA5F7215236E302D000E30B9 /* Mentee.storyboard in Resources */,
				DA5F7201236E2C47000E30B9 /* Assets.xcassets in Resources */,
				DAC2BFC9236EA39F0004E7B8 /* pickerView.xib in Resources */,
				DA5F71FF236E2C41000E30B9 /* Main.storyboard in Resources */,
				DA3E3EDD236E3A26000DCE65 /* GoogleService-Info.plist in Resources */,
				DAC2BFCB236EA3B30004E7B8 /* textField.xib in Resources */,
			);
			runOnlyForDeploymentPostprocessing = 0;
		};
/* End PBXResourcesBuildPhase section */

/* Begin PBXShellScriptBuildPhase section */
		2E670ECCAE91F5F5A27CB09E /* [CP] Check Pods Manifest.lock */ = {
			isa = PBXShellScriptBuildPhase;
			buildActionMask = 2147483647;
			files = (
			);
			inputFileListPaths = (
			);
			inputPaths = (
				"${PODS_PODFILE_DIR_PATH}/Podfile.lock",
				"${PODS_ROOT}/Manifest.lock",
			);
			name = "[CP] Check Pods Manifest.lock";
			outputFileListPaths = (
			);
			outputPaths = (
				"$(DERIVED_FILE_DIR)/Pods-OppHack19T2-checkManifestLockResult.txt",
			);
			runOnlyForDeploymentPostprocessing = 0;
			shellPath = /bin/sh;
			shellScript = "diff \"${PODS_PODFILE_DIR_PATH}/Podfile.lock\" \"${PODS_ROOT}/Manifest.lock\" > /dev/null\nif [ $? != 0 ] ; then\n    # print error to STDERR\n    echo \"error: The sandbox is not in sync with the Podfile.lock. Run 'pod install' or update your CocoaPods installation.\" >&2\n    exit 1\nfi\n# This output is used by Xcode 'outputs' to avoid re-running this script phase.\necho \"SUCCESS\" > \"${SCRIPT_OUTPUT_FILE_0}\"\n";
			showEnvVarsInLog = 0;
		};
		8EF3198599ACC23A31A40557 /* [CP] Copy Pods Resources */ = {
			isa = PBXShellScriptBuildPhase;
			buildActionMask = 2147483647;
			files = (
			);
			inputFileListPaths = (
				"${PODS_ROOT}/Target Support Files/Pods-OppHack19T2/Pods-OppHack19T2-resources-${CONFIGURATION}-input-files.xcfilelist",
			);
			name = "[CP] Copy Pods Resources";
			outputFileListPaths = (
				"${PODS_ROOT}/Target Support Files/Pods-OppHack19T2/Pods-OppHack19T2-resources-${CONFIGURATION}-output-files.xcfilelist",
			);
			runOnlyForDeploymentPostprocessing = 0;
			shellPath = /bin/sh;
			shellScript = "\"${PODS_ROOT}/Target Support Files/Pods-OppHack19T2/Pods-OppHack19T2-resources.sh\"\n";
			showEnvVarsInLog = 0;
		};
		E54605583AE05479AA9FE7AA /* [CP] Embed Pods Frameworks */ = {
			isa = PBXShellScriptBuildPhase;
			buildActionMask = 2147483647;
			files = (
			);
			inputFileListPaths = (
				"${PODS_ROOT}/Target Support Files/Pods-OppHack19T2/Pods-OppHack19T2-frameworks-${CONFIGURATION}-input-files.xcfilelist",
			);
			name = "[CP] Embed Pods Frameworks";
			outputFileListPaths = (
				"${PODS_ROOT}/Target Support Files/Pods-OppHack19T2/Pods-OppHack19T2-frameworks-${CONFIGURATION}-output-files.xcfilelist",
			);
			runOnlyForDeploymentPostprocessing = 0;
			shellPath = /bin/sh;
			shellScript = "\"${PODS_ROOT}/Target Support Files/Pods-OppHack19T2/Pods-OppHack19T2-frameworks.sh\"\n";
			showEnvVarsInLog = 0;
		};
/* End PBXShellScriptBuildPhase section */

/* Begin PBXSourcesBuildPhase section */
		DA5F71F0236E2C41000E30B9 /* Sources */ = {
			isa = PBXSourcesBuildPhase;
			buildActionMask = 2147483647;
			files = (
				DAAA5064236E37D900014BC3 /* SceneDelegate.swift in Sources */,
				DAC2BFD5236EB22A0004E7B8 /* multipleChoiceViewController.swift in Sources */,
				DA5F720F236E2E86000E30B9 /* LoginViewController.swift in Sources */,
				DAD2B2CB236EC6400046756B /* PickerViewTableViewCell.swift in Sources */,
				DA1E9F3A236EBF1900C77759 /* multipleChoiceCellCollectionViewCell.swift in Sources */,
				DAC2BFD9236EB3240004E7B8 /* PageViewController.swift in Sources */,
				DA91FA6C236E782A00C3D9E3 /* SurveyViewController.swift in Sources */,
				DA5F71FC236E2C41000E30B9 /* ViewController.swift in Sources */,
				DA77C186236EC44400460E6A /* PickerViewTableView.swift in Sources */,
				DA5F71F8236E2C41000E30B9 /* AppDelegate.swift in Sources */,
				DAD2B2CF236ED91A0046756B /* multipleChoiceTableViewCell.swift in Sources */,
				DAC2BFD3236EB2150004E7B8 /* pickerViewController.swift in Sources */,
				DAC2BFDD236EB55C0004E7B8 /* FreeResponseViewController.swift in Sources */,
				DA77C184236EC3F800460E6A /* FreeResponseTableView.swift in Sources */,
				DAD2B2CD236ECF3B0046756B /* TabBarViewController.swift in Sources */,
				DA77C188236EC4A900460E6A /* FreeResponseTableViewCell.swift in Sources */,
				DA77C182236EC38000460E6A /* MultipleChoiceTableView.swift in Sources */,
				DA5F7211236E2E92000E30B9 /* RegisterViewController.swift in Sources */,
				DA2E1499236E3EA300C4F0DC /* ErrorPresenter.swift in Sources */,
				DA1E9F3C236EC00C00C77759 /* multipleChoiceCollectionView.swift in Sources */,
			);
			runOnlyForDeploymentPostprocessing = 0;
		};
/* End PBXSourcesBuildPhase section */

/* Begin PBXVariantGroup section */
		DA5F71FD236E2C41000E30B9 /* Main.storyboard */ = {
			isa = PBXVariantGroup;
			children = (
				DA5F71FE236E2C41000E30B9 /* Base */,
			);
			name = Main.storyboard;
			sourceTree = "<group>";
		};
		DA5F7202236E2C47000E30B9 /* LaunchScreen.storyboard */ = {
			isa = PBXVariantGroup;
			children = (
				DA5F7203236E2C47000E30B9 /* Base */,
			);
			name = LaunchScreen.storyboard;
			sourceTree = "<group>";
		};
/* End PBXVariantGroup section */

/* Begin XCBuildConfiguration section */
		DA5F7206236E2C47000E30B9 /* Debug */ = {
			isa = XCBuildConfiguration;
			buildSettings = {
				ALWAYS_SEARCH_USER_PATHS = NO;
				CLANG_ANALYZER_NONNULL = YES;
				CLANG_ANALYZER_NUMBER_OBJECT_CONVERSION = YES_AGGRESSIVE;
				CLANG_CXX_LANGUAGE_STANDARD = "gnu++14";
				CLANG_CXX_LIBRARY = "libc++";
				CLANG_ENABLE_MODULES = YES;
				CLANG_ENABLE_OBJC_ARC = YES;
				CLANG_ENABLE_OBJC_WEAK = YES;
				CLANG_WARN_BLOCK_CAPTURE_AUTORELEASING = YES;
				CLANG_WARN_BOOL_CONVERSION = YES;
				CLANG_WARN_COMMA = YES;
				CLANG_WARN_CONSTANT_CONVERSION = YES;
				CLANG_WARN_DEPRECATED_OBJC_IMPLEMENTATIONS = YES;
				CLANG_WARN_DIRECT_OBJC_ISA_USAGE = YES_ERROR;
				CLANG_WARN_DOCUMENTATION_COMMENTS = YES;
				CLANG_WARN_EMPTY_BODY = YES;
				CLANG_WARN_ENUM_CONVERSION = YES;
				CLANG_WARN_INFINITE_RECURSION = YES;
				CLANG_WARN_INT_CONVERSION = YES;
				CLANG_WARN_NON_LITERAL_NULL_CONVERSION = YES;
				CLANG_WARN_OBJC_IMPLICIT_RETAIN_SELF = YES;
				CLANG_WARN_OBJC_LITERAL_CONVERSION = YES;
				CLANG_WARN_OBJC_ROOT_CLASS = YES_ERROR;
				CLANG_WARN_RANGE_LOOP_ANALYSIS = YES;
				CLANG_WARN_STRICT_PROTOTYPES = YES;
				CLANG_WARN_SUSPICIOUS_MOVE = YES;
				CLANG_WARN_UNGUARDED_AVAILABILITY = YES_AGGRESSIVE;
				CLANG_WARN_UNREACHABLE_CODE = YES;
				CLANG_WARN__DUPLICATE_METHOD_MATCH = YES;
				COPY_PHASE_STRIP = NO;
				DEBUG_INFORMATION_FORMAT = dwarf;
				ENABLE_STRICT_OBJC_MSGSEND = YES;
				ENABLE_TESTABILITY = YES;
				GCC_C_LANGUAGE_STANDARD = gnu11;
				GCC_DYNAMIC_NO_PIC = NO;
				GCC_NO_COMMON_BLOCKS = YES;
				GCC_OPTIMIZATION_LEVEL = 0;
				GCC_PREPROCESSOR_DEFINITIONS = (
					"DEBUG=1",
					"$(inherited)",
				);
				GCC_WARN_64_TO_32_BIT_CONVERSION = YES;
				GCC_WARN_ABOUT_RETURN_TYPE = YES_ERROR;
				GCC_WARN_UNDECLARED_SELECTOR = YES;
				GCC_WARN_UNINITIALIZED_AUTOS = YES_AGGRESSIVE;
				GCC_WARN_UNUSED_FUNCTION = YES;
				GCC_WARN_UNUSED_VARIABLE = YES;
				IPHONEOS_DEPLOYMENT_TARGET = 13.1;
				MTL_ENABLE_DEBUG_INFO = INCLUDE_SOURCE;
				MTL_FAST_MATH = YES;
				ONLY_ACTIVE_ARCH = YES;
				SDKROOT = iphoneos;
				SWIFT_ACTIVE_COMPILATION_CONDITIONS = DEBUG;
				SWIFT_OPTIMIZATION_LEVEL = "-Onone";
			};
			name = Debug;
		};
		DA5F7207236E2C47000E30B9 /* Release */ = {
			isa = XCBuildConfiguration;
			buildSettings = {
				ALWAYS_SEARCH_USER_PATHS = NO;
				CLANG_ANALYZER_NONNULL = YES;
				CLANG_ANALYZER_NUMBER_OBJECT_CONVERSION = YES_AGGRESSIVE;
				CLANG_CXX_LANGUAGE_STANDARD = "gnu++14";
				CLANG_CXX_LIBRARY = "libc++";
				CLANG_ENABLE_MODULES = YES;
				CLANG_ENABLE_OBJC_ARC = YES;
				CLANG_ENABLE_OBJC_WEAK = YES;
				CLANG_WARN_BLOCK_CAPTURE_AUTORELEASING = YES;
				CLANG_WARN_BOOL_CONVERSION = YES;
				CLANG_WARN_COMMA = YES;
				CLANG_WARN_CONSTANT_CONVERSION = YES;
				CLANG_WARN_DEPRECATED_OBJC_IMPLEMENTATIONS = YES;
				CLANG_WARN_DIRECT_OBJC_ISA_USAGE = YES_ERROR;
				CLANG_WARN_DOCUMENTATION_COMMENTS = YES;
				CLANG_WARN_EMPTY_BODY = YES;
				CLANG_WARN_ENUM_CONVERSION = YES;
				CLANG_WARN_INFINITE_RECURSION = YES;
				CLANG_WARN_INT_CONVERSION = YES;
				CLANG_WARN_NON_LITERAL_NULL_CONVERSION = YES;
				CLANG_WARN_OBJC_IMPLICIT_RETAIN_SELF = YES;
				CLANG_WARN_OBJC_LITERAL_CONVERSION = YES;
				CLANG_WARN_OBJC_ROOT_CLASS = YES_ERROR;
				CLANG_WARN_RANGE_LOOP_ANALYSIS = YES;
				CLANG_WARN_STRICT_PROTOTYPES = YES;
				CLANG_WARN_SUSPICIOUS_MOVE = YES;
				CLANG_WARN_UNGUARDED_AVAILABILITY = YES_AGGRESSIVE;
				CLANG_WARN_UNREACHABLE_CODE = YES;
				CLANG_WARN__DUPLICATE_METHOD_MATCH = YES;
				COPY_PHASE_STRIP = NO;
				DEBUG_INFORMATION_FORMAT = "dwarf-with-dsym";
				ENABLE_NS_ASSERTIONS = NO;
				ENABLE_STRICT_OBJC_MSGSEND = YES;
				GCC_C_LANGUAGE_STANDARD = gnu11;
				GCC_NO_COMMON_BLOCKS = YES;
				GCC_WARN_64_TO_32_BIT_CONVERSION = YES;
				GCC_WARN_ABOUT_RETURN_TYPE = YES_ERROR;
				GCC_WARN_UNDECLARED_SELECTOR = YES;
				GCC_WARN_UNINITIALIZED_AUTOS = YES_AGGRESSIVE;
				GCC_WARN_UNUSED_FUNCTION = YES;
				GCC_WARN_UNUSED_VARIABLE = YES;
				IPHONEOS_DEPLOYMENT_TARGET = 13.1;
				MTL_ENABLE_DEBUG_INFO = NO;
				MTL_FAST_MATH = YES;
				SDKROOT = iphoneos;
				SWIFT_COMPILATION_MODE = wholemodule;
				SWIFT_OPTIMIZATION_LEVEL = "-O";
				VALIDATE_PRODUCT = YES;
			};
			name = Release;
		};
		DA5F7209236E2C47000E30B9 /* Debug */ = {
			isa = XCBuildConfiguration;
			baseConfigurationReference = 01C420C9687FAD2AD612606F /* Pods-OppHack19T2.debug.xcconfig */;
			buildSettings = {
				ASSETCATALOG_COMPILER_APPICON_NAME = AppIcon;
				CODE_SIGN_STYLE = Automatic;
				DEVELOPMENT_TEAM = "";
				INFOPLIST_FILE = OppHack19T2/Info.plist;
				IPHONEOS_DEPLOYMENT_TARGET = 13.0;
				LD_RUNPATH_SEARCH_PATHS = (
					"$(inherited)",
					"@executable_path/Frameworks",
				);
				PRODUCT_BUNDLE_IDENTIFIER = piercetu.OppHack19T2;
				PRODUCT_NAME = yuConnect;
				SWIFT_VERSION = 5.0;
				TARGETED_DEVICE_FAMILY = "1,2";
			};
			name = Debug;
		};
		DA5F720A236E2C47000E30B9 /* Release */ = {
			isa = XCBuildConfiguration;
			baseConfigurationReference = AE0261C2F5F4C1531FE69103 /* Pods-OppHack19T2.release.xcconfig */;
			buildSettings = {
				ASSETCATALOG_COMPILER_APPICON_NAME = AppIcon;
				CODE_SIGN_STYLE = Automatic;
				DEVELOPMENT_TEAM = "";
				INFOPLIST_FILE = OppHack19T2/Info.plist;
				IPHONEOS_DEPLOYMENT_TARGET = 13.0;
				LD_RUNPATH_SEARCH_PATHS = (
					"$(inherited)",
					"@executable_path/Frameworks",
				);
				PRODUCT_BUNDLE_IDENTIFIER = piercetu.OppHack19T2;
				PRODUCT_NAME = yuConnect;
				SWIFT_VERSION = 5.0;
				TARGETED_DEVICE_FAMILY = "1,2";
			};
			name = Release;
		};
/* End XCBuildConfiguration section */

/* Begin XCConfigurationList section */
		DA5F71EF236E2C41000E30B9 /* Build configuration list for PBXProject "OppHack19T2" */ = {
			isa = XCConfigurationList;
			buildConfigurations = (
				DA5F7206236E2C47000E30B9 /* Debug */,
				DA5F7207236E2C47000E30B9 /* Release */,
			);
			defaultConfigurationIsVisible = 0;
			defaultConfigurationName = Release;
		};
		DA5F7208236E2C47000E30B9 /* Build configuration list for PBXNativeTarget "OppHack19T2" */ = {
			isa = XCConfigurationList;
			buildConfigurations = (
				DA5F7209236E2C47000E30B9 /* Debug */,
				DA5F720A236E2C47000E30B9 /* Release */,
			);
			defaultConfigurationIsVisible = 0;
			defaultConfigurationName = Release;
		};
/* End XCConfigurationList section */
	};
	rootObject = DA5F71EC236E2C41000E30B9 /* Project object */;
}
